// !$*UTF8*$!
{
	archiveVersion = 1;
	classes = {
	};
	objectVersion = 46;
	objects = {

/* Begin PBXBuildFile section */
		BFFDCC681D58FFE4003003AC /* AppDelegate.swift in Sources */ = {isa = PBXBuildFile; fileRef = BFFDCC671D58FFE4003003AC /* AppDelegate.swift */; };
		BFFDCC6A1D58FFE4003003AC /* Assets.xcassets in Resources */ = {isa = PBXBuildFile; fileRef = BFFDCC691D58FFE4003003AC /* Assets.xcassets */; };
		BFFDCC6D1D58FFE4003003AC /* MainMenu.xib in Resources */ = {isa = PBXBuildFile; fileRef = BFFDCC6B1D58FFE4003003AC /* MainMenu.xib */; };
/* End PBXBuildFile section */

/* Begin PBXFileReference section */
		BFFDCC641D58FFE4003003AC /* AAISP Usage V2.app */ = {isa = PBXFileReference; explicitFileType = wrapper.application; includeInIndex = 0; path = "AAISP Usage V2.app"; sourceTree = BUILT_PRODUCTS_DIR; };
		BFFDCC671D58FFE4003003AC /* AppDelegate.swift */ = {isa = PBXFileReference; lastKnownFileType = sourcecode.swift; path = AppDelegate.swift; sourceTree = "<group>"; };
		BFFDCC691D58FFE4003003AC /* Assets.xcassets */ = {isa = PBXFileReference; lastKnownFileType = folder.assetcatalog; path = Assets.xcassets; sourceTree = "<group>"; };
		BFFDCC6C1D58FFE4003003AC /* Base */ = {isa = PBXFileReference; lastKnownFileType = file.xib; name = Base; path = Base.lproj/MainMenu.xib; sourceTree = "<group>"; };
		BFFDCC6E1D58FFE4003003AC /* Info.plist */ = {isa = PBXFileReference; lastKnownFileType = text.plist.xml; path = Info.plist; sourceTree = "<group>"; };
/* End PBXFileReference section */

/* Begin PBXFrameworksBuildPhase section */
		BFFDCC611D58FFE4003003AC /* Frameworks */ = {
			isa = PBXFrameworksBuildPhase;
			buildActionMask = 2147483647;
			files = (
			);
			runOnlyForDeploymentPostprocessing = 0;
		};
/* End PBXFrameworksBuildPhase section */

/* Begin PBXGroup section */
		BFFDCC5B1D58FFE4003003AC = {
			isa = PBXGroup;
			children = (
				BFFDCC661D58FFE4003003AC /* AAISP Usage V2 */,
				BFFDCC651D58FFE4003003AC /* Products */,
			);
			sourceTree = "<group>";
		};
		BFFDCC651D58FFE4003003AC /* Products */ = {
			isa = PBXGroup;
			children = (
				BFFDCC641D58FFE4003003AC /* AAISP Usage V2.app */,
			);
			name = Products;
			sourceTree = "<group>";
		};
		BFFDCC661D58FFE4003003AC /* AAISP Usage V2 */ = {
			isa = PBXGroup;
			children = (
				BFFDCC671D58FFE4003003AC /* AppDelegate.swift */,
				BFFDCC691D58FFE4003003AC /* Assets.xcassets */,
				BFFDCC6B1D58FFE4003003AC /* MainMenu.xib */,
				BFFDCC6E1D58FFE4003003AC /* Info.plist */,
			);
			path = "AAISP Usage V2";
			sourceTree = "<group>";
		};
/* End PBXGroup section */

/* Begin PBXNativeTarget section */
		BFFDCC631D58FFE4003003AC /* AAISP Usage V2 */ = {
			isa = PBXNativeTarget;
			buildConfigurationList = BFFDCC711D58FFE4003003AC /* Build configuration list for PBXNativeTarget "AAISP Usage V2" */;
			buildPhases = (
				BFFDCC601D58FFE4003003AC /* Sources */,
				BFFDCC611D58FFE4003003AC /* Frameworks */,
				BFFDCC621D58FFE4003003AC /* Resources */,
			);
			buildRules = (
			);
			dependencies = (
			);
			name = "AAISP Usage V2";
			productName = "AAISP Usage V2";
			productReference = BFFDCC641D58FFE4003003AC /* AAISP Usage V2.app */;
			productType = "com.apple.product-type.application";
		};
/* End PBXNativeTarget section */

/* Begin PBXProject section */
		BFFDCC5C1D58FFE4003003AC /* Project object */ = {
			isa = PBXProject;
			attributes = {
				LastSwiftUpdateCheck = 0730;
				LastUpgradeCheck = 0730;
				ORGANIZATIONNAME = "Graham Davies";
				TargetAttributes = {
					BFFDCC631D58FFE4003003AC = {
						CreatedOnToolsVersion = 7.3.1;
					};
				};
			};
			buildConfigurationList = BFFDCC5F1D58FFE4003003AC /* Build configuration list for PBXProject "AAISP Usage V2" */;
			compatibilityVersion = "Xcode 3.2";
			developmentRegion = English;
			hasScannedForEncodings = 0;
			knownRegions = (
				en,
				Base,
			);
			mainGroup = BFFDCC5B1D58FFE4003003AC;
			productRefGroup = BFFDCC651D58FFE4003003AC /* Products */;
			projectDirPath = "";
			projectRoot = "";
			targets = (
				BFFDCC631D58FFE4003003AC /* AAISP Usage V2 */,
			);
		};
/* End PBXProject section */

/* Begin PBXResourcesBuildPhase section */
		BFFDCC621D58FFE4003003AC /* Resources */ = {
			isa = PBXResourcesBuildPhase;
			buildActionMask = 2147483647;
			files = (
				BFFDCC6A1D58FFE4003003AC /* Assets.xcassets in Resources */,
				BFFDCC6D1D58FFE4003003AC /* MainMenu.xib in Resources */,
			);
			runOnlyForDeploymentPostprocessing = 0;
		};
/* End PBXResourcesBuildPhase section */

/* Begin PBXSourcesBuildPhase section */
		BFFDCC601D58FFE4003003AC /* Sources */ = {
			isa = PBXSourcesBuildPhase;
			buildActionMask = 2147483647;
			files = (
				BFFDCC681D58FFE4003003AC /* AppDelegate.swift in Sources */,
			);
			runOnlyForDeploymentPostprocessing = 0;
		};
/* End PBXSourcesBuildPhase section */

/* Begin PBXVariantGroup section */
		BFFDCC6B1D58FFE4003003AC /* MainMenu.xib */ = {
			isa = PBXVariantGroup;
			children = (
				BFFDCC6C1D58FFE4003003AC /* Base */,
			);
			name = MainMenu.xib;
			sourceTree = "<group>";
		};
/* End PBXVariantGroup section */

/* Begin XCBuildConfiguration section */
		BFFDCC6F1D58FFE4003003AC /* Debug */ = {
			isa = XCBuildConfiguration;
			buildSettings = {
				ALWAYS_SEARCH_USER_PATHS = NO;
				CLANG_ANALYZER_NONNULL = YES;
				CLANG_CXX_LANGUAGE_STANDARD = "gnu++0x";
				CLANG_CXX_LIBRARY = "libc++";
				CLANG_ENABLE_MODULES = YES;
				CLANG_ENABLE_OBJC_ARC = YES;
				CLANG_WARN_BOOL_CONVERSION = YES;
				CLANG_WARN_CONSTANT_CONVERSION = YES;
				CLANG_WARN_DIRECT_OBJC_ISA_USAGE = YES_ERROR;
				CLANG_WARN_EMPTY_BODY = YES;
				CLANG_WARN_ENUM_CONVERSION = YES;
				CLANG_WARN_INT_CONVERSION = YES;
				CLANG_WARN_OBJC_ROOT_CLASS = YES_ERROR;
				CLANG_WARN_UNREACHABLE_CODE = YES;
				CLANG_WARN__DUPLICATE_METHOD_MATCH = YES;
				CODE_SIGN_IDENTITY = "-";
				COPY_PHASE_STRIP = NO;
				DEBUG_INFORMATION_FORMAT = dwarf;
				ENABLE_STRICT_OBJC_MSGSEND = YES;
				ENABLE_TESTABILITY = YES;
				GCC_C_LANGUAGE_STANDARD = gnu99;
				GCC_DYNAMIC_NO_PIC = NO;
				GCC_NO_COMMON_BLOCKS = YES;
				GCC_OPTIMIZATION_LEVEL = 0;
				GCC_PREPROCESSOR_DEFINITIONS = (
					"DEBUG=1",
					"$(inherited)",
				);
				GCC_WARN_64_TO_32_BIT_CONVERSION = YES;
				GCC_WARN_ABOUT_RETURN_TYPE = YES_ERROR;
				GCC_WARN_UNDECLARED_SELECTOR = YES;
				GCC_WARN_UNINITIALIZED_AUTOS = YES_AGGRESSIVE;
				GCC_WARN_UNUSED_FUNCTION = YES;
				GCC_WARN_UNUSED_VARIABLE = YES;
				MACOSX_DEPLOYMENT_TARGET = 10.11;
				MTL_ENABLE_DEBUG_INFO = YES;
				ONLY_ACTIVE_ARCH = YES;
				SDKROOT = macosx;
				SWIFT_OPTIMIZATION_LEVEL = "-Onone";
			};
			name = Debug;
		};
		BFFDCC701D58FFE4003003AC /* Release */ = {
			isa = XCBuildConfiguration;
			buildSettings = {
				ALWAYS_SEARCH_USER_PATHS = NO;
				CLANG_ANALYZER_NONNULL = YES;
				CLANG_CXX_LANGUAGE_STANDARD = "gnu++0x";
				CLANG_CXX_LIBRARY = "libc++";
				CLANG_ENABLE_MODULES = YES;
				CLANG_ENABLE_OBJC_ARC = YES;
				CLANG_WARN_BOOL_CONVERSION = YES;
				CLANG_WARN_CONSTANT_CONVERSION = YES;
				CLANG_WARN_DIRECT_OBJC_ISA_USAGE = YES_ERROR;
				CLANG_WARN_EMPTY_BODY = YES;
				CLANG_WARN_ENUM_CONVERSION = YES;
				CLANG_WARN_INT_CONVERSION = YES;
				CLANG_WARN_OBJC_ROOT_CLASS = YES_ERROR;
				CLANG_WARN_UNREACHABLE_CODE = YES;
				CLANG_WARN__DUPLICATE_METHOD_MATCH = YES;
				CODE_SIGN_IDENTITY = "-";
				COPY_PHASE_STRIP = NO;
				DEBUG_INFORMATION_FORMAT = "dwarf-with-dsym";
				ENABLE_NS_ASSERTIONS = NO;
				ENABLE_STRICT_OBJC_MSGSEND = YES;
				GCC_C_LANGUAGE_STANDARD = gnu99;
				GCC_NO_COMMON_BLOCKS = YES;
				GCC_WARN_64_TO_32_BIT_CONVERSION = YES;
				GCC_WARN_ABOUT_RETURN_TYPE = YES_ERROR;
				GCC_WARN_UNDECLARED_SELECTOR = YES;
				GCC_WARN_UNINITIALIZED_AUTOS = YES_AGGRESSIVE;
				GCC_WARN_UNUSED_FUNCTION = YES;
				GCC_WARN_UNUSED_VARIABLE = YES;
				MACOSX_DEPLOYMENT_TARGET = 10.11;
				MTL_ENABLE_DEBUG_INFO = NO;
				SDKROOT = macosx;
			};
			name = Release;
		};
		BFFDCC721D58FFE4003003AC /* Debug */ = {
			isa = XCBuildConfiguration;
			buildSettings = {
				ASSETCATALOG_COMPILER_APPICON_NAME = AppIcon;
				COMBINE_HIDPI_IMAGES = YES;
				INFOPLIST_FILE = "AAISP Usage V2/Info.plist";
				LD_RUNPATH_SEARCH_PATHS = "$(inherited) @executable_path/../Frameworks";
				PRODUCT_BUNDLE_IDENTIFIER = "com.behinddesign.AAISP-Usage-V2";
				PRODUCT_NAME = "$(TARGET_NAME)";
			};
			name = Debug;
		};
		BFFDCC731D58FFE4003003AC /* Release */ = {
			isa = XCBuildConfiguration;
			buildSettings = {
				ASSETCATALOG_COMPILER_APPICON_NAME = AppIcon;
				COMBINE_HIDPI_IMAGES = YES;
				INFOPLIST_FILE = "AAISP Usage V2/Info.plist";
				LD_RUNPATH_SEARCH_PATHS = "$(inherited) @executable_path/../Frameworks";
				PRODUCT_BUNDLE_IDENTIFIER = "com.behinddesign.AAISP-Usage-V2";
				PRODUCT_NAME = "$(TARGET_NAME)";
			};
			name = Release;
		};
/* End XCBuildConfiguration section */

/* Begin XCConfigurationList section */
		BFFDCC5F1D58FFE4003003AC /* Build configuration list for PBXProject "AAISP Usage V2" */ = {
			isa = XCConfigurationList;
			buildConfigurations = (
				BFFDCC6F1D58FFE4003003AC /* Debug */,
				BFFDCC701D58FFE4003003AC /* Release */,
			);
			defaultConfigurationIsVisible = 0;
			defaultConfigurationName = Release;
		};
		BFFDCC711D58FFE4003003AC /* Build configuration list for PBXNativeTarget "AAISP Usage V2" */ = {
			isa = XCConfigurationList;
			buildConfigurations = (
				BFFDCC721D58FFE4003003AC /* Debug */,
				BFFDCC731D58FFE4003003AC /* Release */,
			);
			defaultConfigurationIsVisible = 0;
		};
/* End XCConfigurationList section */
	};
	rootObject = BFFDCC5C1D58FFE4003003AC /* Project object */;
}
